
Microsoft Visual Studio Solution File, Format Version 12.00
# Visual Studio 15
VisualStudioVersion = 15.0.28307.645
MinimumVisualStudioVersion = 10.0.40219.1
Project("{9A19103F-16F7-4668-BE54-9A1E7A4F7556}") = "BrightHRKataLibrary", "BrightHRKataLibrary\BrightHRKataLibrary.csproj", "{5CD6EDC9-F117-4F5E-901E-18AEEEB02545}"
EndProject
Project("{FAE04EC0-301F-11D3-BF4B-00C04F79EFBC}") = "BrightHRKataUnitTests", "BrightHRKataUnitTests\BrightHRKataUnitTests.csproj", "{72544D59-6C9F-42DF-B7C1-D476957C45BB}"
EndProject
Global
	GlobalSection(SolutionConfigurationPlatforms) = preSolution
		Debug|Any CPU = Debug|Any CPU
		Release|Any CPU = Release|Any CPU
	EndGlobalSection
	GlobalSection(ProjectConfigurationPlatforms) = postSolution
		{5CD6EDC9-F117-4F5E-901E-18AEEEB02545}.Debug|Any CPU.ActiveCfg = Debug|Any CPU
		{5CD6EDC9-F117-4F5E-901E-18AEEEB02545}.Debug|Any CPU.Build.0 = Debug|Any CPU
		{5CD6EDC9-F117-4F5E-901E-18AEEEB02545}.Release|Any CPU.ActiveCfg = Release|Any CPU
		{5CD6EDC9-F117-4F5E-901E-18AEEEB02545}.Release|Any CPU.Build.0 = Release|Any CPU
		{72544D59-6C9F-42DF-B7C1-D476957C45BB}.Debug|Any CPU.ActiveCfg = Debug|Any CPU
		{72544D59-6C9F-42DF-B7C1-D476957C45BB}.Debug|Any CPU.Build.0 = Debug|Any CPU
		{72544D59-6C9F-42DF-B7C1-D476957C45BB}.Release|Any CPU.ActiveCfg = Release|Any CPU
		{72544D59-6C9F-42DF-B7C1-D476957C45BB}.Release|Any CPU.Build.0 = Release|Any CPU
	EndGlobalSection
	GlobalSection(SolutionProperties) = preSolution
		HideSolutionNode = FALSE
	EndGlobalSection
	GlobalSection(ExtensibilityGlobals) = postSolution
		SolutionGuid = {B3384629-F947-4EA3-B4EE-87E3B165DF43}
	EndGlobalSection
EndGlobal
